// !$*UTF8*$!
{
	archiveVersion = 1;
	classes = {
	};
	objectVersion = 46;
	objects = {

/* Begin PBXBuildFile section */
		4A358FA91C4FD86F00CEFBF5 /* 1_TwoSumTest.swift in Sources */ = {isa = PBXBuildFile; fileRef = 4A358FA61C4FD86F00CEFBF5 /* 1_TwoSumTest.swift */; };
		4A358FAA1C4FD86F00CEFBF5 /* 2_AddTwoNumbersTest.swift in Sources */ = {isa = PBXBuildFile; fileRef = 4A358FA71C4FD86F00CEFBF5 /* 2_AddTwoNumbersTest.swift */; };
		4A358FAB1C4FD86F00CEFBF5 /* 3_LongestSubstringWithoutRepeatingCharactersTest.swift in Sources */ = {isa = PBXBuildFile; fileRef = 4A358FA81C4FD86F00CEFBF5 /* 3_LongestSubstringWithoutRepeatingCharactersTest.swift */; };
		4A8238FE1C5274FF00C81292 /* 5_LongestPalindromicSubstringSpec.swift in Sources */ = {isa = PBXBuildFile; fileRef = 4A8238FD1C5274FF00C81292 /* 5_LongestPalindromicSubstringSpec.swift */; };
		4AA59E3D1C4FD77900E80AAB /* AppDelegate.swift in Sources */ = {isa = PBXBuildFile; fileRef = 4AA59E3C1C4FD77900E80AAB /* AppDelegate.swift */; };
		4AA59E3F1C4FD77900E80AAB /* ViewController.swift in Sources */ = {isa = PBXBuildFile; fileRef = 4AA59E3E1C4FD77900E80AAB /* ViewController.swift */; };
		4AA59E421C4FD77900E80AAB /* Main.storyboard in Resources */ = {isa = PBXBuildFile; fileRef = 4AA59E401C4FD77900E80AAB /* Main.storyboard */; };
		4AA59E441C4FD77900E80AAB /* Assets.xcassets in Resources */ = {isa = PBXBuildFile; fileRef = 4AA59E431C4FD77900E80AAB /* Assets.xcassets */; };
		4AA59E471C4FD77900E80AAB /* LaunchScreen.storyboard in Resources */ = {isa = PBXBuildFile; fileRef = 4AA59E451C4FD77900E80AAB /* LaunchScreen.storyboard */; };
		4AB9984B1C51008600E5A481 /* 4_MedianOfTwoSortedArraysSpec.swift in Sources */ = {isa = PBXBuildFile; fileRef = 4AB9984A1C51008600E5A481 /* 4_MedianOfTwoSortedArraysSpec.swift */; };
		7C8716E4CF4E8471E7D57CF5 /* Pods_LeetCodeTests.framework in Frameworks */ = {isa = PBXBuildFile; fileRef = A705AF66EEBDFD75DBDE88A0 /* Pods_LeetCodeTests.framework */; };
/* End PBXBuildFile section */

/* Begin PBXContainerItemProxy section */
		4AA59E4E1C4FD77900E80AAB /* PBXContainerItemProxy */ = {
			isa = PBXContainerItemProxy;
			containerPortal = 4AA59E311C4FD77900E80AAB /* Project object */;
			proxyType = 1;
			remoteGlobalIDString = 4AA59E381C4FD77900E80AAB;
			remoteInfo = LeetCode;
		};
/* End PBXContainerItemProxy section */

/* Begin PBXFileReference section */
		09EB5C4F2D6A71044A0AF2A0 /* Pods-LeetCodeTests.debug.xcconfig */ = {isa = PBXFileReference; includeInIndex = 1; lastKnownFileType = text.xcconfig; name = "Pods-LeetCodeTests.debug.xcconfig"; path = "Pods/Target Support Files/Pods-LeetCodeTests/Pods-LeetCodeTests.debug.xcconfig"; sourceTree = "<group>"; };
		2A04EFCAC4B976C3A6052A6D /* Pods-LeetCodeTests.release.xcconfig */ = {isa = PBXFileReference; includeInIndex = 1; lastKnownFileType = text.xcconfig; name = "Pods-LeetCodeTests.release.xcconfig"; path = "Pods/Target Support Files/Pods-LeetCodeTests/Pods-LeetCodeTests.release.xcconfig"; sourceTree = "<group>"; };
		4A358FA61C4FD86F00CEFBF5 /* 1_TwoSumTest.swift */ = {isa = PBXFileReference; fileEncoding = 4; lastKnownFileType = sourcecode.swift; path = 1_TwoSumTest.swift; sourceTree = "<group>"; };
		4A358FA71C4FD86F00CEFBF5 /* 2_AddTwoNumbersTest.swift */ = {isa = PBXFileReference; fileEncoding = 4; lastKnownFileType = sourcecode.swift; path = 2_AddTwoNumbersTest.swift; sourceTree = "<group>"; };
		4A358FA81C4FD86F00CEFBF5 /* 3_LongestSubstringWithoutRepeatingCharactersTest.swift */ = {isa = PBXFileReference; fileEncoding = 4; lastKnownFileType = sourcecode.swift; path = 3_LongestSubstringWithoutRepeatingCharactersTest.swift; sourceTree = "<group>"; };
		4A8238FD1C5274FF00C81292 /* 5_LongestPalindromicSubstringSpec.swift */ = {isa = PBXFileReference; fileEncoding = 4; lastKnownFileType = sourcecode.swift; path = 5_LongestPalindromicSubstringSpec.swift; sourceTree = "<group>"; };
		4AA59E391C4FD77900E80AAB /* LeetCode.app */ = {isa = PBXFileReference; explicitFileType = wrapper.application; includeInIndex = 0; path = LeetCode.app; sourceTree = BUILT_PRODUCTS_DIR; };
		4AA59E3C1C4FD77900E80AAB /* AppDelegate.swift */ = {isa = PBXFileReference; lastKnownFileType = sourcecode.swift; path = AppDelegate.swift; sourceTree = "<group>"; };
		4AA59E3E1C4FD77900E80AAB /* ViewController.swift */ = {isa = PBXFileReference; lastKnownFileType = sourcecode.swift; path = ViewController.swift; sourceTree = "<group>"; };
		4AA59E411C4FD77900E80AAB /* Base */ = {isa = PBXFileReference; lastKnownFileType = file.storyboard; name = Base; path = Base.lproj/Main.storyboard; sourceTree = "<group>"; };
		4AA59E431C4FD77900E80AAB /* Assets.xcassets */ = {isa = PBXFileReference; lastKnownFileType = folder.assetcatalog; path = Assets.xcassets; sourceTree = "<group>"; };
		4AA59E461C4FD77900E80AAB /* Base */ = {isa = PBXFileReference; lastKnownFileType = file.storyboard; name = Base; path = Base.lproj/LaunchScreen.storyboard; sourceTree = "<group>"; };
		4AA59E481C4FD77900E80AAB /* Info.plist */ = {isa = PBXFileReference; lastKnownFileType = text.plist.xml; path = Info.plist; sourceTree = "<group>"; };
		4AA59E4D1C4FD77900E80AAB /* LeetCodeTests.xctest */ = {isa = PBXFileReference; explicitFileType = wrapper.cfbundle; includeInIndex = 0; path = LeetCodeTests.xctest; sourceTree = BUILT_PRODUCTS_DIR; };
		4AA59E531C4FD77900E80AAB /* Info.plist */ = {isa = PBXFileReference; lastKnownFileType = text.plist.xml; path = Info.plist; sourceTree = "<group>"; };
		4AB9984A1C51008600E5A481 /* 4_MedianOfTwoSortedArraysSpec.swift */ = {isa = PBXFileReference; fileEncoding = 4; lastKnownFileType = sourcecode.swift; path = 4_MedianOfTwoSortedArraysSpec.swift; sourceTree = "<group>"; };
		A705AF66EEBDFD75DBDE88A0 /* Pods_LeetCodeTests.framework */ = {isa = PBXFileReference; explicitFileType = wrapper.framework; includeInIndex = 0; path = Pods_LeetCodeTests.framework; sourceTree = BUILT_PRODUCTS_DIR; };
/* End PBXFileReference section */

/* Begin PBXFrameworksBuildPhase section */
		4AA59E361C4FD77900E80AAB /* Frameworks */ = {
			isa = PBXFrameworksBuildPhase;
			buildActionMask = 2147483647;
			files = (
			);
			runOnlyForDeploymentPostprocessing = 0;
		};
		4AA59E4A1C4FD77900E80AAB /* Frameworks */ = {
			isa = PBXFrameworksBuildPhase;
			buildActionMask = 2147483647;
			files = (
				7C8716E4CF4E8471E7D57CF5 /* Pods_LeetCodeTests.framework in Frameworks */,
			);
			runOnlyForDeploymentPostprocessing = 0;
		};
/* End PBXFrameworksBuildPhase section */

/* Begin PBXGroup section */
		472C8D781D1D2DCBDABB1670 /* Frameworks */ = {
			isa = PBXGroup;
			children = (
				A705AF66EEBDFD75DBDE88A0 /* Pods_LeetCodeTests.framework */,
			);
			name = Frameworks;
			sourceTree = "<group>";
		};
		4AA59E301C4FD77900E80AAB = {
			isa = PBXGroup;
			children = (
				4AA59E3B1C4FD77900E80AAB /* LeetCode */,
				4AA59E501C4FD77900E80AAB /* LeetCodeTests */,
				4AA59E3A1C4FD77900E80AAB /* Products */,
				A3C28F90DC903516F6F8EC1C /* Pods */,
				472C8D781D1D2DCBDABB1670 /* Frameworks */,
			);
			sourceTree = "<group>";
		};
		4AA59E3A1C4FD77900E80AAB /* Products */ = {
			isa = PBXGroup;
			children = (
				4AA59E391C4FD77900E80AAB /* LeetCode.app */,
				4AA59E4D1C4FD77900E80AAB /* LeetCodeTests.xctest */,
			);
			name = Products;
			sourceTree = "<group>";
		};
		4AA59E3B1C4FD77900E80AAB /* LeetCode */ = {
			isa = PBXGroup;
			children = (
				4AA59E3C1C4FD77900E80AAB /* AppDelegate.swift */,
				4AA59E3E1C4FD77900E80AAB /* ViewController.swift */,
				4AA59E401C4FD77900E80AAB /* Main.storyboard */,
				4AA59E431C4FD77900E80AAB /* Assets.xcassets */,
				4AA59E451C4FD77900E80AAB /* LaunchScreen.storyboard */,
				4AA59E481C4FD77900E80AAB /* Info.plist */,
			);
			path = LeetCode;
			sourceTree = "<group>";
		};
		4AA59E501C4FD77900E80AAB /* LeetCodeTests */ = {
			isa = PBXGroup;
			children = (
				4AA59E531C4FD77900E80AAB /* Info.plist */,
				4A358FA61C4FD86F00CEFBF5 /* 1_TwoSumTest.swift */,
				4A358FA71C4FD86F00CEFBF5 /* 2_AddTwoNumbersTest.swift */,
				4A358FA81C4FD86F00CEFBF5 /* 3_LongestSubstringWithoutRepeatingCharactersTest.swift */,
				4AB9984A1C51008600E5A481 /* 4_MedianOfTwoSortedArraysSpec.swift */,
				4A8238FD1C5274FF00C81292 /* 5_LongestPalindromicSubstringSpec.swift */,
			);
			path = LeetCodeTests;
			sourceTree = "<group>";
		};
		A3C28F90DC903516F6F8EC1C /* Pods */ = {
			isa = PBXGroup;
			children = (
				09EB5C4F2D6A71044A0AF2A0 /* Pods-LeetCodeTests.debug.xcconfig */,
				2A04EFCAC4B976C3A6052A6D /* Pods-LeetCodeTests.release.xcconfig */,
			);
			name = Pods;
			sourceTree = "<group>";
		};
/* End PBXGroup section */

/* Begin PBXNativeTarget section */
		4AA59E381C4FD77900E80AAB /* LeetCode */ = {
			isa = PBXNativeTarget;
			buildConfigurationList = 4AA59E561C4FD77900E80AAB /* Build configuration list for PBXNativeTarget "LeetCode" */;
			buildPhases = (
				4AA59E351C4FD77900E80AAB /* Sources */,
				4AA59E361C4FD77900E80AAB /* Frameworks */,
				4AA59E371C4FD77900E80AAB /* Resources */,
			);
			buildRules = (
			);
			dependencies = (
			);
			name = LeetCode;
			productName = LeetCode;
			productReference = 4AA59E391C4FD77900E80AAB /* LeetCode.app */;
			productType = "com.apple.product-type.application";
		};
		4AA59E4C1C4FD77900E80AAB /* LeetCodeTests */ = {
			isa = PBXNativeTarget;
			buildConfigurationList = 4AA59E591C4FD77900E80AAB /* Build configuration list for PBXNativeTarget "LeetCodeTests" */;
			buildPhases = (
				3C4BC0106E67F606ECA20615 /* Check Pods Manifest.lock */,
				4AA59E491C4FD77900E80AAB /* Sources */,
				4AA59E4A1C4FD77900E80AAB /* Frameworks */,
				4AA59E4B1C4FD77900E80AAB /* Resources */,
				41BD28CCB4E0A2B45B958900 /* Embed Pods Frameworks */,
				F4C40D68774A1C1B14E22BA9 /* Copy Pods Resources */,
			);
			buildRules = (
			);
			dependencies = (
				4AA59E4F1C4FD77900E80AAB /* PBXTargetDependency */,
			);
			name = LeetCodeTests;
			productName = LeetCodeTests;
			productReference = 4AA59E4D1C4FD77900E80AAB /* LeetCodeTests.xctest */;
			productType = "com.apple.product-type.bundle.unit-test";
		};
/* End PBXNativeTarget section */

/* Begin PBXProject section */
		4AA59E311C4FD77900E80AAB /* Project object */ = {
			isa = PBXProject;
			attributes = {
				LastSwiftUpdateCheck = 0720;
				LastUpgradeCheck = 0720;
				ORGANIZATIONNAME = zeroleaf;
				TargetAttributes = {
					4AA59E381C4FD77900E80AAB = {
						CreatedOnToolsVersion = 7.2;
					};
					4AA59E4C1C4FD77900E80AAB = {
						CreatedOnToolsVersion = 7.2;
						TestTargetID = 4AA59E381C4FD77900E80AAB;
					};
				};
			};
			buildConfigurationList = 4AA59E341C4FD77900E80AAB /* Build configuration list for PBXProject "LeetCode" */;
			compatibilityVersion = "Xcode 3.2";
			developmentRegion = English;
			hasScannedForEncodings = 0;
			knownRegions = (
				en,
				Base,
			);
			mainGroup = 4AA59E301C4FD77900E80AAB;
			productRefGroup = 4AA59E3A1C4FD77900E80AAB /* Products */;
			projectDirPath = "";
			projectRoot = "";
			targets = (
				4AA59E381C4FD77900E80AAB /* LeetCode */,
				4AA59E4C1C4FD77900E80AAB /* LeetCodeTests */,
			);
		};
/* End PBXProject section */

/* Begin PBXResourcesBuildPhase section */
		4AA59E371C4FD77900E80AAB /* Resources */ = {
			isa = PBXResourcesBuildPhase;
			buildActionMask = 2147483647;
			files = (
				4AA59E471C4FD77900E80AAB /* LaunchScreen.storyboard in Resources */,
				4AA59E441C4FD77900E80AAB /* Assets.xcassets in Resources */,
				4AA59E421C4FD77900E80AAB /* Main.storyboard in Resources */,
			);
			runOnlyForDeploymentPostprocessing = 0;
		};
		4AA59E4B1C4FD77900E80AAB /* Resources */ = {
			isa = PBXResourcesBuildPhase;
			buildActionMask = 2147483647;
			files = (
			);
			runOnlyForDeploymentPostprocessing = 0;
		};
/* End PBXResourcesBuildPhase section */

/* Begin PBXShellScriptBuildPhase section */
		3C4BC0106E67F606ECA20615 /* Check Pods Manifest.lock */ = {
			isa = PBXShellScriptBuildPhase;
			buildActionMask = 2147483647;
			files = (
			);
			inputPaths = (
			);
			name = "Check Pods Manifest.lock";
			outputPaths = (
			);
			runOnlyForDeploymentPostprocessing = 0;
			shellPath = /bin/sh;
			shellScript = "diff \"${PODS_ROOT}/../Podfile.lock\" \"${PODS_ROOT}/Manifest.lock\" > /dev/null\nif [[ $? != 0 ]] ; then\n    cat << EOM\nerror: The sandbox is not in sync with the Podfile.lock. Run 'pod install' or update your CocoaPods installation.\nEOM\n    exit 1\nfi\n";
			showEnvVarsInLog = 0;
		};
		41BD28CCB4E0A2B45B958900 /* Embed Pods Frameworks */ = {
			isa = PBXShellScriptBuildPhase;
			buildActionMask = 2147483647;
			files = (
			);
			inputPaths = (
			);
			name = "Embed Pods Frameworks";
			outputPaths = (
			);
			runOnlyForDeploymentPostprocessing = 0;
			shellPath = /bin/sh;
			shellScript = "\"${SRCROOT}/Pods/Target Support Files/Pods-LeetCodeTests/Pods-LeetCodeTests-frameworks.sh\"\n";
			showEnvVarsInLog = 0;
		};
		F4C40D68774A1C1B14E22BA9 /* Copy Pods Resources */ = {
			isa = PBXShellScriptBuildPhase;
			buildActionMask = 2147483647;
			files = (
			);
			inputPaths = (
			);
			name = "Copy Pods Resources";
			outputPaths = (
			);
			runOnlyForDeploymentPostprocessing = 0;
			shellPath = /bin/sh;
			shellScript = "\"${SRCROOT}/Pods/Target Support Files/Pods-LeetCodeTests/Pods-LeetCodeTests-resources.sh\"\n";
			showEnvVarsInLog = 0;
		};
/* End PBXShellScriptBuildPhase section */

/* Begin PBXSourcesBuildPhase section */
		4AA59E351C4FD77900E80AAB /* Sources */ = {
			isa = PBXSourcesBuildPhase;
			buildActionMask = 2147483647;
			files = (
				4AA59E3F1C4FD77900E80AAB /* ViewController.swift in Sources */,
				4AA59E3D1C4FD77900E80AAB /* AppDelegate.swift in Sources */,
			);
			runOnlyForDeploymentPostprocessing = 0;
		};
		4AA59E491C4FD77900E80AAB /* Sources */ = {
			isa = PBXSourcesBuildPhase;
			buildActionMask = 2147483647;
			files = (
				4AB9984B1C51008600E5A481 /* 4_MedianOfTwoSortedArraysSpec.swift in Sources */,
				4A358FA91C4FD86F00CEFBF5 /* 1_TwoSumTest.swift in Sources */,
				4A358FAA1C4FD86F00CEFBF5 /* 2_AddTwoNumbersTest.swift in Sources */,
				4A8238FE1C5274FF00C81292 /* 5_LongestPalindromicSubstringSpec.swift in Sources */,
				4A358FAB1C4FD86F00CEFBF5 /* 3_LongestSubstringWithoutRepeatingCharactersTest.swift in Sources */,
			);
			runOnlyForDeploymentPostprocessing = 0;
		};
/* End PBXSourcesBuildPhase section */

/* Begin PBXTargetDependency section */
		4AA59E4F1C4FD77900E80AAB /* PBXTargetDependency */ = {
			isa = PBXTargetDependency;
			target = 4AA59E381C4FD77900E80AAB /* LeetCode */;
			targetProxy = 4AA59E4E1C4FD77900E80AAB /* PBXContainerItemProxy */;
		};
/* End PBXTargetDependency section */

/* Begin PBXVariantGroup section */
		4AA59E401C4FD77900E80AAB /* Main.storyboard */ = {
			isa = PBXVariantGroup;
			children = (
				4AA59E411C4FD77900E80AAB /* Base */,
			);
			name = Main.storyboard;
			sourceTree = "<group>";
		};
		4AA59E451C4FD77900E80AAB /* LaunchScreen.storyboard */ = {
			isa = PBXVariantGroup;
			children = (
				4AA59E461C4FD77900E80AAB /* Base */,
			);
			name = LaunchScreen.storyboard;
			sourceTree = "<group>";
		};
/* End PBXVariantGroup section */

/* Begin XCBuildConfiguration section */
		4AA59E541C4FD77900E80AAB /* Debug */ = {
			isa = XCBuildConfiguration;
			buildSettings = {
				ALWAYS_SEARCH_USER_PATHS = NO;
				CLANG_CXX_LANGUAGE_STANDARD = "gnu++0x";
				CLANG_CXX_LIBRARY = "libc++";
				CLANG_ENABLE_MODULES = YES;
				CLANG_ENABLE_OBJC_ARC = YES;
				CLANG_WARN_BOOL_CONVERSION = YES;
				CLANG_WARN_CONSTANT_CONVERSION = YES;
				CLANG_WARN_DIRECT_OBJC_ISA_USAGE = YES_ERROR;
				CLANG_WARN_EMPTY_BODY = YES;
				CLANG_WARN_ENUM_CONVERSION = YES;
				CLANG_WARN_INT_CONVERSION = YES;
				CLANG_WARN_OBJC_ROOT_CLASS = YES_ERROR;
				CLANG_WARN_UNREACHABLE_CODE = YES;
				CLANG_WARN__DUPLICATE_METHOD_MATCH = YES;
				"CODE_SIGN_IDENTITY[sdk=iphoneos*]" = "iPhone Developer";
				COPY_PHASE_STRIP = NO;
				DEBUG_INFORMATION_FORMAT = dwarf;
				DEFINES_MODULE = YES;
				ENABLE_STRICT_OBJC_MSGSEND = YES;
				ENABLE_TESTABILITY = YES;
				GCC_C_LANGUAGE_STANDARD = gnu99;
				GCC_DYNAMIC_NO_PIC = NO;
				GCC_NO_COMMON_BLOCKS = YES;
				GCC_OPTIMIZATION_LEVEL = 0;
				GCC_PREPROCESSOR_DEFINITIONS = (
					"DEBUG=1",
					"$(inherited)",
				);
				GCC_WARN_64_TO_32_BIT_CONVERSION = YES;
				GCC_WARN_ABOUT_RETURN_TYPE = YES_ERROR;
				GCC_WARN_UNDECLARED_SELECTOR = YES;
				GCC_WARN_UNINITIALIZED_AUTOS = YES_AGGRESSIVE;
				GCC_WARN_UNUSED_FUNCTION = YES;
				GCC_WARN_UNUSED_VARIABLE = YES;
				IPHONEOS_DEPLOYMENT_TARGET = 9.2;
				MTL_ENABLE_DEBUG_INFO = YES;
				ONLY_ACTIVE_ARCH = YES;
				SDKROOT = iphoneos;
				SWIFT_OPTIMIZATION_LEVEL = "-Onone";
			};
			name = Debug;
		};
		4AA59E551C4FD77900E80AAB /* Release */ = {
			isa = XCBuildConfiguration;
			buildSettings = {
				ALWAYS_SEARCH_USER_PATHS = NO;
				CLANG_CXX_LANGUAGE_STANDARD = "gnu++0x";
				CLANG_CXX_LIBRARY = "libc++";
				CLANG_ENABLE_MODULES = YES;
				CLANG_ENABLE_OBJC_ARC = YES;
				CLANG_WARN_BOOL_CONVERSION = YES;
				CLANG_WARN_CONSTANT_CONVERSION = YES;
				CLANG_WARN_DIRECT_OBJC_ISA_USAGE = YES_ERROR;
				CLANG_WARN_EMPTY_BODY = YES;
				CLANG_WARN_ENUM_CONVERSION = YES;
				CLANG_WARN_INT_CONVERSION = YES;
				CLANG_WARN_OBJC_ROOT_CLASS = YES_ERROR;
				CLANG_WARN_UNREACHABLE_CODE = YES;
				CLANG_WARN__DUPLICATE_METHOD_MATCH = YES;
				"CODE_SIGN_IDENTITY[sdk=iphoneos*]" = "iPhone Developer";
				COPY_PHASE_STRIP = NO;
				DEBUG_INFORMATION_FORMAT = "dwarf-with-dsym";
				DEFINES_MODULE = YES;
				ENABLE_NS_ASSERTIONS = NO;
				ENABLE_STRICT_OBJC_MSGSEND = YES;
				GCC_C_LANGUAGE_STANDARD = gnu99;
				GCC_NO_COMMON_BLOCKS = YES;
				GCC_WARN_64_TO_32_BIT_CONVERSION = YES;
				GCC_WARN_ABOUT_RETURN_TYPE = YES_ERROR;
				GCC_WARN_UNDECLARED_SELECTOR = YES;
				GCC_WARN_UNINITIALIZED_AUTOS = YES_AGGRESSIVE;
				GCC_WARN_UNUSED_FUNCTION = YES;
				GCC_WARN_UNUSED_VARIABLE = YES;
				IPHONEOS_DEPLOYMENT_TARGET = 9.2;
				MTL_ENABLE_DEBUG_INFO = NO;
				SDKROOT = iphoneos;
				VALIDATE_PRODUCT = YES;
			};
			name = Release;
		};
		4AA59E571C4FD77900E80AAB /* Debug */ = {
			isa = XCBuildConfiguration;
			buildSettings = {
				ASSETCATALOG_COMPILER_APPICON_NAME = AppIcon;
				INFOPLIST_FILE = LeetCode/Info.plist;
				LD_RUNPATH_SEARCH_PATHS = "$(inherited) @executable_path/Frameworks";
				PRODUCT_BUNDLE_IDENTIFIER = com.zeroleaf.LeetCode;
				PRODUCT_NAME = "$(TARGET_NAME)";
			};
			name = Debug;
		};
		4AA59E581C4FD77900E80AAB /* Release */ = {
			isa = XCBuildConfiguration;
			buildSettings = {
				ASSETCATALOG_COMPILER_APPICON_NAME = AppIcon;
				INFOPLIST_FILE = LeetCode/Info.plist;
				LD_RUNPATH_SEARCH_PATHS = "$(inherited) @executable_path/Frameworks";
				PRODUCT_BUNDLE_IDENTIFIER = com.zeroleaf.LeetCode;
				PRODUCT_NAME = "$(TARGET_NAME)";
			};
			name = Release;
		};
		4AA59E5A1C4FD77900E80AAB /* Debug */ = {
			isa = XCBuildConfiguration;
			baseConfigurationReference = 09EB5C4F2D6A71044A0AF2A0 /* Pods-LeetCodeTests.debug.xcconfig */;
			buildSettings = {
				INFOPLIST_FILE = LeetCodeTests/Info.plist;
				LD_RUNPATH_SEARCH_PATHS = "$(inherited) @executable_path/Frameworks @loader_path/Frameworks";
				PRODUCT_BUNDLE_IDENTIFIER = com.zeroleaf.LeetCodeTests;
				PRODUCT_NAME = "$(TARGET_NAME)";
				TEST_HOST = "$(BUILT_PRODUCTS_DIR)/LeetCode.app/LeetCode";
			};
			name = Debug;
		};
		4AA59E5B1C4FD77900E80AAB /* Release */ = {
			isa = XCBuildConfiguration;
			baseConfigurationReference = 2A04EFCAC4B976C3A6052A6D /* Pods-LeetCodeTests.release.xcconfig */;
			buildSettings = {
				INFOPLIST_FILE = LeetCodeTests/Info.plist;
				LD_RUNPATH_SEARCH_PATHS = "$(inherited) @executable_path/Frameworks @loader_path/Frameworks";
				PRODUCT_BUNDLE_IDENTIFIER = com.zeroleaf.LeetCodeTests;
				PRODUCT_NAME = "$(TARGET_NAME)";
				TEST_HOST = "$(BUILT_PRODUCTS_DIR)/LeetCode.app/LeetCode";
			};
			name = Release;
		};
/* End XCBuildConfiguration section */

/* Begin XCConfigurationList section */
		4AA59E341C4FD77900E80AAB /* Build configuration list for PBXProject "LeetCode" */ = {
			isa = XCConfigurationList;
			buildConfigurations = (
				4AA59E541C4FD77900E80AAB /* Debug */,
				4AA59E551C4FD77900E80AAB /* Release */,
			);
			defaultConfigurationIsVisible = 0;
			defaultConfigurationName = Release;
		};
		4AA59E561C4FD77900E80AAB /* Build configuration list for PBXNativeTarget "LeetCode" */ = {
			isa = XCConfigurationList;
			buildConfigurations = (
				4AA59E571C4FD77900E80AAB /* Debug */,
				4AA59E581C4FD77900E80AAB /* Release */,
			);
			defaultConfigurationIsVisible = 0;
			defaultConfigurationName = Release;
		};
		4AA59E591C4FD77900E80AAB /* Build configuration list for PBXNativeTarget "LeetCodeTests" */ = {
			isa = XCConfigurationList;
			buildConfigurations = (
				4AA59E5A1C4FD77900E80AAB /* Debug */,
				4AA59E5B1C4FD77900E80AAB /* Release */,
			);
			defaultConfigurationIsVisible = 0;
			defaultConfigurationName = Release;
		};
/* End XCConfigurationList section */
	};
	rootObject = 4AA59E311C4FD77900E80AAB /* Project object */;
}
